
Microsoft Visual Studio Solution File, Format Version 12.00
# Visual Studio Version 16
VisualStudioVersion = 16.0.30804.86
MinimumVisualStudioVersion = 10.0.40219.1
Project("{FAE04EC0-301F-11D3-BF4B-00C04F79EFBC}") = "CheckersBoard", "CheckersBoard\CheckersBoard.csproj", "{5B1FD62C-64B9-4757-B81D-E942FC0B359D}"
EndProject
Global
	GlobalSection(SolutionConfigurationPlatforms) = preSolution
		Debug|Any CPU = Debug|Any CPU
		Release|Any CPU = Release|Any CPU
	EndGlobalSection
	GlobalSection(ProjectConfigurationPlatforms) = postSolution
		{5B1FD62C-64B9-4757-B81D-E942FC0B359D}.Debug|Any CPU.ActiveCfg = Debug|Any CPU
		{5B1FD62C-64B9-4757-B81D-E942FC0B359D}.Debug|Any CPU.Build.0 = Debug|Any CPU
		{5B1FD62C-64B9-4757-B81D-E942FC0B359D}.Release|Any CPU.ActiveCfg = Release|Any CPU
		{5B1FD62C-64B9-4757-B81D-E942FC0B359D}.Release|Any CPU.Build.0 = Release|Any CPU
	EndGlobalSection
	GlobalSection(SolutionProperties) = preSolution
		HideSolutionNode = FALSE
	EndGlobalSection
	GlobalSection(ExtensibilityGlobals) = postSolution
		SolutionGuid = {729A15FB-715E-4B16-A06B-B3B4C18D0498}
	EndGlobalSection
EndGlobal
